<?xml version="1.0" encoding="UTF-8" standalone="yes" ?>
<CodeBlocks_project_file>
	<FileVersion major="1" minor="6" />
	<Project>
		<Option title="homog2d" />
		<Option pch_mode="2" />
		<Option compiler="gcc" />
		<Build>
			<Target title="demo">
				<Option output="./homog2d" prefix_auto="1" extension_auto="1" />
				<Option object_output="./" />
				<Option type="1" />
				<Option compiler="gcc" />
				<Compiler>
					<Add option="-O2" />
					<Add directory="../" />
				</Compiler>
				<Linker>
					<Add option="-s" />
				</Linker>
			</Target>
			<Target title="test">
				<Option output="homog2d" prefix_auto="1" extension_auto="1" />
				<Option type="0" />
				<Option compiler="gcc" />
			</Target>
		</Build>
		<Compiler>
			<Add option="-Wall" />
		</Compiler>
		<Unit filename="../.github/workflows/c-cpp.yml" />
		<Unit filename="../.github/workflows/doxygen-gh-pages.yml" />
		<Unit filename="../.github/workflows/msvc.yml" />
		<Unit filename="../.travis.yml">
			<Option target="&lt;{~None~}&gt;" />
		</Unit>
		<Unit filename="../Makefile">
			<Option target="&lt;{~None~}&gt;" />
		</Unit>
		<Unit filename="../README.md">
			<Option target="&lt;{~None~}&gt;" />
		</Unit>
		<Unit filename="../docs/build_index.sh" />
		<Unit filename="../docs/homog2d_Polyline.md" />
		<Unit filename="../docs/homog2d_algorithms.md" />
		<Unit filename="../docs/homog2d_devinfo.md" />
		<Unit filename="../docs/homog2d_history.md">
			<Option target="&lt;{~None~}&gt;" />
		</Unit>
		<Unit filename="../docs/homog2d_manual.md">
			<Option target="&lt;{~None~}&gt;" />
		</Unit>
		<Unit filename="../docs/homog2d_qa.md">
			<Option target="&lt;{~None~}&gt;" />
		</Unit>
		<Unit filename="../docs/homog2d_showcase.md" />
		<Unit filename="../docs/homog2d_showcase2.md" />
		<Unit filename="../docs/homog2d_showcase3.md" />
		<Unit filename="../docs/homog2d_speed.md" />
		<Unit filename="../docs/homog2d_thresholds.md" />
		<Unit filename="../docs/index.csv" />
		<Unit filename="../docs/index.md" />
		<Unit filename="../docs/opencv_notes.md">
			<Option target="&lt;{~None~}&gt;" />
		</Unit>
		<Unit filename="../homog2d.hpp">
			<Option target="&lt;{~None~}&gt;" />
		</Unit>
		<Unit filename="build_gif.sh" />
		<Unit filename="demo_opencv.cpp" />
		<Unit filename="demo_svg_import.cpp" />
		<Unit filename="doxyfile">
			<Option target="&lt;{~None~}&gt;" />
		</Unit>
		<Unit filename="doxyfile_dev" />
		<Unit filename="dtest1.cpp" />
		<Unit filename="dtest1.plt" />
		<Unit filename="ellipse_speed_test.cpp" />
		<Unit filename="extra_style_sheet.css">
			<Option target="&lt;{~None~}&gt;" />
		</Unit>
		<Unit filename="figures_src/latex/ellipse1.tex" />
		<Unit filename="figures_src/latex/fig1.tex" />
		<Unit filename="figures_src/latex/fig2.tex" />
		<Unit filename="figures_src/latex/fig3.tex" />
		<Unit filename="figures_src/src/circles1.cpp" />
		<Unit filename="figures_src/src/comparison_svg_opencv.cpp" />
		<Unit filename="figures_src/src/convex_hull.cpp" />
		<Unit filename="figures_src/src/fig_src.header" />
		<Unit filename="figures_src/src/frect1.cpp" />
		<Unit filename="figures_src/src/frect2.cpp" />
		<Unit filename="figures_src/src/frect_extended.cpp" />
		<Unit filename="figures_src/src/get_bb_cont.cpp" />
		<Unit filename="figures_src/src/getbb1.cpp" />
		<Unit filename="figures_src/src/polyline1.cpp" />
		<Unit filename="figures_src/src/polyline2.cpp" />
		<Unit filename="figures_src/src/segment1.cpp" />
		<Unit filename="figures_src/src/segment_extended.cpp" />
		<Unit filename="figures_src/src/segment_intersect_1.cpp" />
		<Unit filename="figures_src/src/segment_intersect_circle_1.cpp" />
		<Unit filename="figures_src/src/side_point_line.cpp" />
		<Unit filename="figures_test/frect_intersect_1.code">
			<Option target="&lt;{~None~}&gt;" />
		</Unit>
		<Unit filename="figures_test/frect_intersect_10.code" />
		<Unit filename="figures_test/frect_intersect_11.code" />
		<Unit filename="figures_test/frect_intersect_12.code" />
		<Unit filename="figures_test/frect_intersect_13.code" />
		<Unit filename="figures_test/frect_intersect_2.code">
			<Option target="&lt;{~None~}&gt;" />
		</Unit>
		<Unit filename="figures_test/frect_intersect_3.code">
			<Option target="&lt;{~None~}&gt;" />
		</Unit>
		<Unit filename="figures_test/frect_intersect_4.code">
			<Option target="&lt;{~None~}&gt;" />
		</Unit>
		<Unit filename="figures_test/frect_intersect_5.code">
			<Option target="&lt;{~None~}&gt;" />
		</Unit>
		<Unit filename="figures_test/frect_intersect_6.code">
			<Option target="&lt;{~None~}&gt;" />
		</Unit>
		<Unit filename="figures_test/frect_intersect_7.code" />
		<Unit filename="figures_test/frect_intersect_8.code" />
		<Unit filename="figures_test/frect_intersect_9.code" />
		<Unit filename="figures_test/polyline_comp_1a.code" />
		<Unit filename="figures_test/polyline_comp_1b.code" />
		<Unit filename="figures_test/polyline_inside_a1.code" />
		<Unit filename="figures_test/polyline_inside_a2.code" />
		<Unit filename="figures_test/polyline_inside_a3.code" />
		<Unit filename="figures_test/polyline_inside_a4.code" />
		<Unit filename="figures_test/polyline_inside_b1.code" />
		<Unit filename="figures_test/polyline_inside_b2.code" />
		<Unit filename="figures_test/polyline_inside_b3.code" />
		<Unit filename="figures_test/polyline_min_1C.code" />
		<Unit filename="figures_test/polyline_min_1O.code" />
		<Unit filename="figures_test/polyline_min_2C.code" />
		<Unit filename="figures_test/polyline_min_2O.code" />
		<Unit filename="figures_test/polyline_min_3C.code" />
		<Unit filename="figures_test/polyline_min_3O.code" />
		<Unit filename="figures_test/readme.txt" />
		<Unit filename="figures_test/t_footer_frect_1.cxx" />
		<Unit filename="figures_test/t_footer_polyline_1.cxx" />
		<Unit filename="figures_test/t_header.cxx" />
		<Unit filename="gitlog.sh">
			<Option target="&lt;{~None~}&gt;" />
		</Unit>
		<Unit filename="homog2d_test.cpp" />
		<Unit filename="no_build/footer.txt" />
		<Unit filename="no_build/header.txt" />
		<Unit filename="no_build/no_build_01.cxx" />
		<Unit filename="no_build/no_build_03.cxx" />
		<Unit filename="no_build/no_build_04.cxx" />
		<Unit filename="no_build/no_build_05.cxx" />
		<Unit filename="no_build/no_build_06.cxx" />
		<Unit filename="no_build/no_build_07.cxx" />
		<Unit filename="no_build/no_build_08.cxx" />
		<Unit filename="no_build/no_build_09.cxx" />
		<Unit filename="no_build/no_build_10.cxx" />
		<Unit filename="no_build/no_build_11.cxx" />
		<Unit filename="no_build/no_build_12.cxx" />
		<Unit filename="no_build/no_build_13.cxx" />
		<Unit filename="no_build/no_build_14.cxx" />
		<Unit filename="no_build/no_build_15.cxx" />
		<Unit filename="no_build/no_build_16.cxx" />
		<Unit filename="no_build/no_build_17.cxx" />
		<Unit filename="no_build/readme.txt" />
		<Unit filename="other/test_svg_import_1.svg" />
		<Unit filename="other/test_svg_import_2.svg" />
		<Unit filename="other/test_svg_import_3.svg" />
		<Unit filename="plot_gitlog.plt">
			<Option target="&lt;{~None~}&gt;" />
		</Unit>
		<Unit filename="scripts/plot_tags_linecount.plt" />
		<Unit filename="scripts/tags_linecount.sh" />
		<Unit filename="showcase/gif_duration.data" />
		<Unit filename="showcase/showcase1.cpp" />
		<Unit filename="showcase/showcase10.cpp" />
		<Unit filename="showcase/showcase11.cpp" />
		<Unit filename="showcase/showcase12.cpp" />
		<Unit filename="showcase/showcase13.cpp" />
		<Unit filename="showcase/showcase14.cpp" />
		<Unit filename="showcase/showcase15.cpp" />
		<Unit filename="showcase/showcase16.cpp" />
		<Unit filename="showcase/showcase17.cpp" />
		<Unit filename="showcase/showcase18.cpp" />
		<Unit filename="showcase/showcase19.cpp" />
		<Unit filename="showcase/showcase2a.cpp" />
		<Unit filename="showcase/showcase2b.cpp" />
		<Unit filename="showcase/showcase3.cpp" />
		<Unit filename="showcase/showcase4a.cpp" />
		<Unit filename="showcase/showcase4b.cpp" />
		<Unit filename="showcase/showcase5.cpp" />
		<Unit filename="showcase/showcase6.cpp" />
		<Unit filename="showcase/showcase7.cpp" />
		<Unit filename="showcase/showcase7b.cpp" />
		<Unit filename="showcase/showcase7c.cpp" />
		<Unit filename="showcase/showcase7d.cpp" />
		<Unit filename="showcase/showcase8.cpp" />
		<Unit filename="showcase/showcase9.cpp" />
		<Unit filename="showcase3/problem01.cpp" />
		<Unit filename="showcase_v/build_vid.sh" />
		<Unit filename="showcase_v/run_parameters.txt" />
		<Unit filename="showcase_v/showcase_v_01.cpp" />
		<Unit filename="test_all.sh">
			<Option target="&lt;{~None~}&gt;" />
		</Unit>
		<Unit filename="test_files/bg_test_1.cpp" />
		<Unit filename="test_files/mylib.cpp" />
		<Unit filename="test_files/mylib.hpp" />
		<Unit filename="test_files/single_file.cpp" />
		<Unit filename="test_files/test_multiple.cpp" />
		<Unit filename="test_files/ttmath_t1.cpp" />
		<Extensions>
			<lib_finder disable_auto="1" />
		</Extensions>
	</Project>
</CodeBlocks_project_file>
