<?xml version="1.0" encoding="UTF-8" standalone="yes" ?>
<CodeBlocks_project_file>
	<FileVersion major="1" minor="6" />
	<Project>
		<Option title="homog2d" />
		<Option pch_mode="2" />
		<Option compiler="gcc" />
		<Build>
			<Target title="Release">
				<Option output="./homog2d" prefix_auto="1" extension_auto="1" />
				<Option object_output="./" />
				<Option type="1" />
				<Option compiler="gcc" />
				<Compiler>
					<Add option="-O2" />
				</Compiler>
				<Linker>
					<Add option="-s" />
				</Linker>
			</Target>
		</Build>
		<Compiler>
			<Add option="-Wall" />
		</Compiler>
		<Unit filename="../.travis.yml" />
		<Unit filename="../Makefile" />
		<Unit filename="../README.md" />
		<Unit filename="../homog2d.hpp" />
		<Unit filename="../manual.md" />
		<Unit filename="LICENCE" />
		<Unit filename="demo_check.cpp" />
		<Unit filename="demo_opencv.cpp" />
		<Unit filename="demo_sdl2.cpp" />
		<Unit filename="doxyfile" />
		<Unit filename="extra_style_sheet.css" />
		<Unit filename="homog2d_test.cpp" />
		<Extensions>
			<lib_finder disable_auto="1" />
		</Extensions>
	</Project>
</CodeBlocks_project_file>
